
Microsoft Visual Studio Solution File, Format Version 12.00
# Visual Studio Version 17
VisualStudioVersion = 17.0.31903.59
MinimumVisualStudioVersion = 10.0.40219.1
Project("{2150E333-8FDC-42A3-9474-1A3956D46DE8}") = "src", "src", "{DCCA63A9-B066-4B95-AD66-20DE5F372403}"
	ProjectSection(SolutionItems) = preProject
		src\Directory.Build.props = src\Directory.Build.props
		src\Directory.Build.targets = src\Directory.Build.targets
	EndProjectSection
EndProject
Project("{9A19103F-16F7-4668-BE54-9A1E7A4F7556}") = "NetEvolve.Http.Correlation.Abstractions", "src\NetEvolve.Http.Correlation.Abstractions\NetEvolve.Http.Correlation.Abstractions.csproj", "{7C18B29C-F53E-4603-B8D6-2472200B6BDA}"
EndProject
Project("{2150E333-8FDC-42A3-9474-1A3956D46DE8}") = "tests", "tests", "{966730BD-654E-4160-B960-1913EAA151CA}"
	ProjectSection(SolutionItems) = preProject
		tests\Directory.Build.props = tests\Directory.Build.props
		tests\Directory.Build.targets = tests\Directory.Build.targets
	EndProjectSection
EndProject
Project("{9A19103F-16F7-4668-BE54-9A1E7A4F7556}") = "NetEvolve.Http.Correlation.Abstractions.Tests.Unit", "tests\NetEvolve.Http.Correlation.Abstractions.Tests.Unit\NetEvolve.Http.Correlation.Abstractions.Tests.Unit.csproj", "{4EFF3E51-F944-4E6C-9AE8-649BD786AE83}"
EndProject
Project("{9A19103F-16F7-4668-BE54-9A1E7A4F7556}") = "NetEvolve.Http.Correlation.AspNetCore", "src\NetEvolve.Http.Correlation.AspNetCore\NetEvolve.Http.Correlation.AspNetCore.csproj", "{9A7A30BC-C2CB-4164-AE78-BAE32B22B9AB}"
EndProject
Project("{9A19103F-16F7-4668-BE54-9A1E7A4F7556}") = "NetEvolve.Http.Correlation.AspNetCore.Tests.Unit", "tests\NetEvolve.Http.Correlation.AspNetCore.Tests.Unit\NetEvolve.Http.Correlation.AspNetCore.Tests.Unit.csproj", "{8C640784-C1D1-40A8-B01B-BDCE26C14644}"
EndProject
Project("{2150E333-8FDC-42A3-9474-1A3956D46DE8}") = "Solution Items", "Solution Items", "{62B80648-E574-40CD-9298-A70E9D1C07C2}"
	ProjectSection(SolutionItems) = preProject
		.csharpierignore = .csharpierignore
		.editorconfig = .editorconfig
		.filenesting.json = .filenesting.json
		.gitignore = .gitignore
		.gitmodules = .gitmodules
		Directory.Build.props = Directory.Build.props
		Directory.Build.targets = Directory.Build.targets
		Directory.Packages.props = Directory.Packages.props
		Directory.Solution.props = Directory.Solution.props
		GitVersion.yml = GitVersion.yml
		LICENSE = LICENSE
		new-project.ps1 = new-project.ps1
		nuget.config = nuget.config
		README.md = README.md
		update-solution.ps1 = update-solution.ps1
	EndProjectSection
EndProject
Project("{9A19103F-16F7-4668-BE54-9A1E7A4F7556}") = "NetEvolve.Http.Correlation.TestGenerator", "src\NetEvolve.Http.Correlation.TestGenerator\NetEvolve.Http.Correlation.TestGenerator.csproj", "{5A80C23A-88A0-45D1-86B8-A3DF11D9E019}"
EndProject
Project("{9A19103F-16F7-4668-BE54-9A1E7A4F7556}") = "NetEvolve.Http.Correlation.TestGenerator.Tests.Unit", "tests\NetEvolve.Http.Correlation.TestGenerator.Tests.Unit\NetEvolve.Http.Correlation.TestGenerator.Tests.Unit.csproj", "{AB2142E3-0EB7-4E37-B3D7-CF11B540A9B3}"
EndProject
Project("{9A19103F-16F7-4668-BE54-9A1E7A4F7556}") = "NetEvolve.Http.Correlation.HttpClient", "src\NetEvolve.Http.Correlation.HttpClient\NetEvolve.Http.Correlation.HttpClient.csproj", "{6A992CD1-15F8-4BC3-98E6-0492C638C2D8}"
EndProject
Project("{9A19103F-16F7-4668-BE54-9A1E7A4F7556}") = "NetEvolve.Http.Correlation.HttpClient.Tests.Unit", "tests\NetEvolve.Http.Correlation.HttpClient.Tests.Unit\NetEvolve.Http.Correlation.HttpClient.Tests.Unit.csproj", "{15F2CFB5-C89E-4F93-86E8-F20B98DDC7AC}"
EndProject
Project("{FAE04EC0-301F-11D3-BF4B-00C04F79EFBC}") = "NetEvolve.Http.Correlation.AspNetCore.Tests.Integration", "tests\NetEvolve.Http.Correlation.AspNetCore.Tests.Integration\NetEvolve.Http.Correlation.AspNetCore.Tests.Integration.csproj", "{9A79A128-7B9C-4F75-B360-B14A6C368F9D}"
EndProject
Project("{FAE04EC0-301F-11D3-BF4B-00C04F79EFBC}") = "NetEvolve.Http.Correlation.Ulid", "src\NetEvolve.Http.Correlation.Ulid\NetEvolve.Http.Correlation.Ulid.csproj", "{A4541983-D809-4C49-8FC8-4E3DE8BB48A7}"
EndProject
Project("{FAE04EC0-301F-11D3-BF4B-00C04F79EFBC}") = "NetEvolve.Http.Correlation.Ulid.Tests.Unit", "tests\NetEvolve.Http.Correlation.Ulid.Tests.Unit\NetEvolve.Http.Correlation.Ulid.Tests.Unit.csproj", "{D0F4A9B8-D137-4F5D-9DA4-5134F8A0CC35}"
EndProject
Global
	GlobalSection(SolutionConfigurationPlatforms) = preSolution
		Debug|Any CPU = Debug|Any CPU
		Release|Any CPU = Release|Any CPU
	EndGlobalSection
	GlobalSection(ProjectConfigurationPlatforms) = postSolution
		{7C18B29C-F53E-4603-B8D6-2472200B6BDA}.Debug|Any CPU.ActiveCfg = Debug|Any CPU
		{7C18B29C-F53E-4603-B8D6-2472200B6BDA}.Debug|Any CPU.Build.0 = Debug|Any CPU
		{7C18B29C-F53E-4603-B8D6-2472200B6BDA}.Release|Any CPU.ActiveCfg = Release|Any CPU
		{7C18B29C-F53E-4603-B8D6-2472200B6BDA}.Release|Any CPU.Build.0 = Release|Any CPU
		{4EFF3E51-F944-4E6C-9AE8-649BD786AE83}.Debug|Any CPU.ActiveCfg = Debug|Any CPU
		{4EFF3E51-F944-4E6C-9AE8-649BD786AE83}.Debug|Any CPU.Build.0 = Debug|Any CPU
		{4EFF3E51-F944-4E6C-9AE8-649BD786AE83}.Release|Any CPU.ActiveCfg = Release|Any CPU
		{4EFF3E51-F944-4E6C-9AE8-649BD786AE83}.Release|Any CPU.Build.0 = Release|Any CPU
		{9A7A30BC-C2CB-4164-AE78-BAE32B22B9AB}.Debug|Any CPU.ActiveCfg = Debug|Any CPU
		{9A7A30BC-C2CB-4164-AE78-BAE32B22B9AB}.Debug|Any CPU.Build.0 = Debug|Any CPU
		{9A7A30BC-C2CB-4164-AE78-BAE32B22B9AB}.Release|Any CPU.ActiveCfg = Release|Any CPU
		{9A7A30BC-C2CB-4164-AE78-BAE32B22B9AB}.Release|Any CPU.Build.0 = Release|Any CPU
		{8C640784-C1D1-40A8-B01B-BDCE26C14644}.Debug|Any CPU.ActiveCfg = Debug|Any CPU
		{8C640784-C1D1-40A8-B01B-BDCE26C14644}.Debug|Any CPU.Build.0 = Debug|Any CPU
		{8C640784-C1D1-40A8-B01B-BDCE26C14644}.Release|Any CPU.ActiveCfg = Release|Any CPU
		{8C640784-C1D1-40A8-B01B-BDCE26C14644}.Release|Any CPU.Build.0 = Release|Any CPU
		{5A80C23A-88A0-45D1-86B8-A3DF11D9E019}.Debug|Any CPU.ActiveCfg = Debug|Any CPU
		{5A80C23A-88A0-45D1-86B8-A3DF11D9E019}.Debug|Any CPU.Build.0 = Debug|Any CPU
		{5A80C23A-88A0-45D1-86B8-A3DF11D9E019}.Release|Any CPU.ActiveCfg = Release|Any CPU
		{5A80C23A-88A0-45D1-86B8-A3DF11D9E019}.Release|Any CPU.Build.0 = Release|Any CPU
		{AB2142E3-0EB7-4E37-B3D7-CF11B540A9B3}.Debug|Any CPU.ActiveCfg = Debug|Any CPU
		{AB2142E3-0EB7-4E37-B3D7-CF11B540A9B3}.Debug|Any CPU.Build.0 = Debug|Any CPU
		{AB2142E3-0EB7-4E37-B3D7-CF11B540A9B3}.Release|Any CPU.ActiveCfg = Release|Any CPU
		{AB2142E3-0EB7-4E37-B3D7-CF11B540A9B3}.Release|Any CPU.Build.0 = Release|Any CPU
		{6A992CD1-15F8-4BC3-98E6-0492C638C2D8}.Debug|Any CPU.ActiveCfg = Debug|Any CPU
		{6A992CD1-15F8-4BC3-98E6-0492C638C2D8}.Debug|Any CPU.Build.0 = Debug|Any CPU
		{6A992CD1-15F8-4BC3-98E6-0492C638C2D8}.Release|Any CPU.ActiveCfg = Release|Any CPU
		{6A992CD1-15F8-4BC3-98E6-0492C638C2D8}.Release|Any CPU.Build.0 = Release|Any CPU
		{15F2CFB5-C89E-4F93-86E8-F20B98DDC7AC}.Debug|Any CPU.ActiveCfg = Debug|Any CPU
		{15F2CFB5-C89E-4F93-86E8-F20B98DDC7AC}.Debug|Any CPU.Build.0 = Debug|Any CPU
		{15F2CFB5-C89E-4F93-86E8-F20B98DDC7AC}.Release|Any CPU.ActiveCfg = Release|Any CPU
		{15F2CFB5-C89E-4F93-86E8-F20B98DDC7AC}.Release|Any CPU.Build.0 = Release|Any CPU
		{9A79A128-7B9C-4F75-B360-B14A6C368F9D}.Debug|Any CPU.ActiveCfg = Debug|Any CPU
		{9A79A128-7B9C-4F75-B360-B14A6C368F9D}.Debug|Any CPU.Build.0 = Debug|Any CPU
		{9A79A128-7B9C-4F75-B360-B14A6C368F9D}.Release|Any CPU.ActiveCfg = Release|Any CPU
		{9A79A128-7B9C-4F75-B360-B14A6C368F9D}.Release|Any CPU.Build.0 = Release|Any CPU
		{A4541983-D809-4C49-8FC8-4E3DE8BB48A7}.Debug|Any CPU.ActiveCfg = Debug|Any CPU
		{A4541983-D809-4C49-8FC8-4E3DE8BB48A7}.Debug|Any CPU.Build.0 = Debug|Any CPU
		{A4541983-D809-4C49-8FC8-4E3DE8BB48A7}.Release|Any CPU.ActiveCfg = Release|Any CPU
		{A4541983-D809-4C49-8FC8-4E3DE8BB48A7}.Release|Any CPU.Build.0 = Release|Any CPU
		{D0F4A9B8-D137-4F5D-9DA4-5134F8A0CC35}.Debug|Any CPU.ActiveCfg = Debug|Any CPU
		{D0F4A9B8-D137-4F5D-9DA4-5134F8A0CC35}.Debug|Any CPU.Build.0 = Debug|Any CPU
		{D0F4A9B8-D137-4F5D-9DA4-5134F8A0CC35}.Release|Any CPU.ActiveCfg = Release|Any CPU
		{D0F4A9B8-D137-4F5D-9DA4-5134F8A0CC35}.Release|Any CPU.Build.0 = Release|Any CPU
	EndGlobalSection
	GlobalSection(SolutionProperties) = preSolution
		HideSolutionNode = FALSE
	EndGlobalSection
	GlobalSection(NestedProjects) = preSolution
		{7C18B29C-F53E-4603-B8D6-2472200B6BDA} = {DCCA63A9-B066-4B95-AD66-20DE5F372403}
		{4EFF3E51-F944-4E6C-9AE8-649BD786AE83} = {966730BD-654E-4160-B960-1913EAA151CA}
		{9A7A30BC-C2CB-4164-AE78-BAE32B22B9AB} = {DCCA63A9-B066-4B95-AD66-20DE5F372403}
		{8C640784-C1D1-40A8-B01B-BDCE26C14644} = {966730BD-654E-4160-B960-1913EAA151CA}
		{5A80C23A-88A0-45D1-86B8-A3DF11D9E019} = {DCCA63A9-B066-4B95-AD66-20DE5F372403}
		{AB2142E3-0EB7-4E37-B3D7-CF11B540A9B3} = {966730BD-654E-4160-B960-1913EAA151CA}
		{6A992CD1-15F8-4BC3-98E6-0492C638C2D8} = {DCCA63A9-B066-4B95-AD66-20DE5F372403}
		{15F2CFB5-C89E-4F93-86E8-F20B98DDC7AC} = {966730BD-654E-4160-B960-1913EAA151CA}
		{9A79A128-7B9C-4F75-B360-B14A6C368F9D} = {966730BD-654E-4160-B960-1913EAA151CA}
		{A4541983-D809-4C49-8FC8-4E3DE8BB48A7} = {DCCA63A9-B066-4B95-AD66-20DE5F372403}
		{D0F4A9B8-D137-4F5D-9DA4-5134F8A0CC35} = {966730BD-654E-4160-B960-1913EAA151CA}
	EndGlobalSection
	GlobalSection(ExtensibilityGlobals) = postSolution
		SolutionGuid = {6EA9C0B3-11F7-4677-A2CF-6A4F280BA2A5}
	EndGlobalSection
EndGlobal
